<?xml version="1.0" encoding="utf-8"?>
<Project ToolsVersion="4.0" xmlns="http://schemas.microsoft.com/developer/msbuild/2003">
  <ItemGroup>
    <Filter Include="Source Files">
      <UniqueIdentifier>{4FC737F1-C7A5-4376-A066-2A32D752A2FF}</UniqueIdentifier>
      <Extensions>cpp;c;cc;cxx;c++;cppm;ixx;def;odl;idl;hpj;bat;asm;asmx</Extensions>
    </Filter>
    <Filter Include="Header Files">
      <UniqueIdentifier>{93995380-89BD-4b04-88EB-625FBE52EBFB}</UniqueIdentifier>
      <Extensions>h;hh;hpp;hxx;h++;hm;inl;inc;ipp;xsd</Extensions>
    </Filter>
    <Filter Include="Resource Files">
      <UniqueIdentifier>{67DA6AB6-F800-4c08-8B7A-83BB121AAD01}</UniqueIdentifier>
      <Extensions>rc;ico;cur;bmp;dlg;rc2;rct;bin;rgs;gif;jpg;jpeg;jpe;resx;tiff;tif;png;wav;mfcribbon-ms</Extensions>
    </Filter>
    <Filter Include="include">
      <UniqueIdentifier>{3771bc59-e04b-4565-9f34-b8ed9064ad1c}</UniqueIdentifier>
    </Filter>
    <Filter Include="data">
      <UniqueIdentifier>{1c566675-e5fb-4718-ac85-26f954f09823}</UniqueIdentifier>
    </Filter>
    <Filter Include="classifiers">
      <UniqueIdentifier>{cc760a76-a484-4730-942b-327c2091c649}</UniqueIdentifier>
    </Filter>
  </ItemGroup>
  <ItemGroup>
    <ClCompile Include="main.cpp">
      <Filter>Resource Files</Filter>
    </ClCompile>
    <ClCompile Include="BinarySearchTree.cpp">
      <Filter>Source Files</Filter>
    </ClCompile>
    <ClCompile Include="FaceDetector.cpp">
      <Filter>Source Files</Filter>
    </ClCompile>
    <ClCompile Include="ImageCoding.cpp">
      <Filter>Source Files</Filter>
    </ClCompile>
    <ClCompile Include="ArbolFrecuencias.cpp">
      <Filter>Source Files</Filter>
    </ClCompile>
    <ClCompile Include="ArbolOrdenado.cpp">
      <Filter>Source Files</Filter>
    </ClCompile>
    <ClCompile Include="AVL.cpp">
      <Filter>Source Files</Filter>
    </ClCompile>
    <ClCompile Include="NodoAVL.cpp">
      <Filter>Source Files</Filter>
    </ClCompile>
  </ItemGroup>
  <ItemGroup>
    <ClInclude Include="BinarySearchTree.h">
      <Filter>Header Files</Filter>
    </ClInclude>
    <ClInclude Include="BinarySearchTreeNode.h">
      <Filter>Header Files</Filter>
    </ClInclude>
    <ClInclude Include="FaceDetector.h">
      <Filter>Header Files</Filter>
    </ClInclude>
    <ClInclude Include="ImageCoding.h">
      <Filter>Header Files</Filter>
    </ClInclude>
    <ClInclude Include="resource.h">
      <Filter>Header Files</Filter>
    </ClInclude>
    <ClInclude Include="ArbolFrecuencias.h">
      <Filter>Header Files</Filter>
    </ClInclude>
    <ClInclude Include="ArbolOrdenado.h">
      <Filter>Header Files</Filter>
    </ClInclude>
    <ClInclude Include="AVL.h">
      <Filter>Header Files</Filter>
    </ClInclude>
    <ClInclude Include="NodoAVL.h">
      <Filter>Header Files</Filter>
    </ClInclude>
  </ItemGroup>
  <ItemGroup>
    <ResourceCompile Include="probandoTALLER.rc">
      <Filter>Resource Files</Filter>
    </ResourceCompile>
  </ItemGroup>
  <ItemGroup>
    <Image Include="data\image-025.jpeg">
      <Filter>data</Filter>
    </Image>
    <Image Include="data\image-026.jpeg">
      <Filter>data</Filter>
    </Image>
    <Image Include="data\image-046.jpeg">
      <Filter>data</Filter>
    </Image>
    <Image Include="data\image-007.jpeg">
      <Filter>data</Filter>
    </Image>
    <Image Include="data\image-008.jpeg">
      <Filter>data</Filter>
    </Image>
    <Image Include="data\image-024.jpeg">
      <Filter>data</Filter>
    </Image>
    <Image Include="..\..\data\image-047.jpeg">
      <Filter>data</Filter>
    </Image>
    <Image Include="..\..\data\image-008_2.jpeg">
      <Filter>data</Filter>
    </Image>
  </ItemGroup>
  <ItemGroup>
    <Xml Include="..\..\tallerCopia\classifiers\haarcascade_frontalface_alt.xml">
      <Filter>classifiers</Filter>
    </Xml>
  </ItemGroup>
</Project>